
Microsoft Visual Studio Solution File, Format Version 12.00
# Visual Studio 15
VisualStudioVersion = 15.0.28307.572
MinimumVisualStudioVersion = 10.0.40219.1
Project("{888888A0-9F3D-457C-B088-3A5042F75D52}") = "Load", "Load\Load.pyproj", "{4EA8A260-CFA1-48AB-B538-1348E201F27E}"
EndProject
Global
	GlobalSection(SolutionConfigurationPlatforms) = preSolution
		Debug|Any CPU = Debug|Any CPU
		Release|Any CPU = Release|Any CPU
	EndGlobalSection
	GlobalSection(ProjectConfigurationPlatforms) = postSolution
		{4EA8A260-CFA1-48AB-B538-1348E201F27E}.Debug|Any CPU.ActiveCfg = Debug|Any CPU
		{4EA8A260-CFA1-48AB-B538-1348E201F27E}.Release|Any CPU.ActiveCfg = Release|Any CPU
	EndGlobalSection
	GlobalSection(SolutionProperties) = preSolution
		HideSolutionNode = FALSE
	EndGlobalSection
	GlobalSection(ExtensibilityGlobals) = postSolution
		SolutionGuid = {B10C0278-C57F-42E1-B3EF-764C70AC5FFB}
	EndGlobalSection
EndGlobal
